
Microsoft Visual Studio Solution File, Format Version 12.00
# Visual Studio Version 17
VisualStudioVersion = 17.1.32328.378
MinimumVisualStudioVersion = 10.0.40219.1
Project("{FAE04EC0-301F-11D3-BF4B-00C04F79EFBC}") = "Milioner", "Milioner\Milioner.csproj", "{81A282F7-EF3E-47A4-904C-3892430A610E}"
EndProject
Global
	GlobalSection(SolutionConfigurationPlatforms) = preSolution
		Debug|Any CPU = Debug|Any CPU
		Release|Any CPU = Release|Any CPU
	EndGlobalSection
	GlobalSection(ProjectConfigurationPlatforms) = postSolution
		{81A282F7-EF3E-47A4-904C-3892430A610E}.Debug|Any CPU.ActiveCfg = Debug|Any CPU
		{81A282F7-EF3E-47A4-904C-3892430A610E}.Debug|Any CPU.Build.0 = Debug|Any CPU
		{81A282F7-EF3E-47A4-904C-3892430A610E}.Release|Any CPU.ActiveCfg = Release|Any CPU
		{81A282F7-EF3E-47A4-904C-3892430A610E}.Release|Any CPU.Build.0 = Release|Any CPU
	EndGlobalSection
	GlobalSection(SolutionProperties) = preSolution
		HideSolutionNode = FALSE
	EndGlobalSection
	GlobalSection(ExtensibilityGlobals) = postSolution
		SolutionGuid = {0324CC26-DA10-4B3A-9B20-FFFAD1FDA768}
	EndGlobalSection
EndGlobal
